
Microsoft Visual Studio Solution File, Format Version 12.00
Project("{FAE04EC0-301F-11D3-BF4B-00C04F79EFBC}") = "DiscordBot.MainBot", "DiscordBot.MainBot\DiscordBot.MainBot.csproj", "{ABC9D5BC-3F29-4969-B41D-9D72CD1D6C12}"
EndProject
Project("{FAE04EC0-301F-11D3-BF4B-00C04F79EFBC}") = "DiscordBot.DataAccess", "DiscordBot.DataAccess\DiscordBot.DataAccess.csproj", "{1454DEE5-AA98-4AC4-B0DA-CC1434864DC9}"
EndProject
Project("{FAE04EC0-301F-11D3-BF4B-00C04F79EFBC}") = "DiscordBot.Modules", "DiscordBot.Modules\DiscordBot.Modules.csproj", "{B09719AC-8455-477B-9D4C-81846AD3AE03}"
EndProject
Project("{FAE04EC0-301F-11D3-BF4B-00C04F79EFBC}") = "DiscordBot.Framework", "DiscordBot.Framework\DiscordBot.Framework.csproj", "{98E3AD37-F441-4889-8F66-B00220BF35CB}"
EndProject
Project("{FAE04EC0-301F-11D3-BF4B-00C04F79EFBC}") = "DiscordBot.Framework.Contract", "DiscordBot.Framework.Contract\DiscordBot.Framework.Contract.csproj", "{28B13E7B-073B-47FB-9571-07899241DC69}"
EndProject
Project("{FAE04EC0-301F-11D3-BF4B-00C04F79EFBC}") = "DiscordBot.DataAccess.Contract", "DiscordBot.DataAccess.Contract\DiscordBot.DataAccess.Contract.csproj", "{15FA2B5F-DBE7-4886-AB20-CFC3A0688DA2}"
EndProject
Project("{FAE04EC0-301F-11D3-BF4B-00C04F79EFBC}") = "Victoria", "Victoria\Victoria.csproj", "{AF0F21C3-0893-4CC9-8B9C-509C6A83FFCD}"
EndProject
Project("{FAE04EC0-301F-11D3-BF4B-00C04F79EFBC}") = "DiscordBot.MusicPlayer", "DiscordBot.MusicPlayer\DiscordBot.MusicPlayer.csproj", "{536A8666-B56D-4F9E-AD4D-5D263B7DB5FF}"
EndProject
Project("{FAE04EC0-301F-11D3-BF4B-00C04F79EFBC}") = "DiscordBot.PubSub", "DiscordBot.PubSub\DiscordBot.PubSub.csproj", "{A0413C7D-6AA3-44F5-9C15-C82263E73882}"
EndProject
Project("{FAE04EC0-301F-11D3-BF4B-00C04F79EFBC}") = "DiscordBot.PubSub.Backend", "DiscordBot.PubSub.Backend\DiscordBot.PubSub.Backend.csproj", "{E1E89695-F660-4BA6-9D77-04DA91C265E0}"
EndProject
Global
	GlobalSection(SolutionConfigurationPlatforms) = preSolution
		Debug|Any CPU = Debug|Any CPU
		Release|Any CPU = Release|Any CPU
	EndGlobalSection
	GlobalSection(ProjectConfigurationPlatforms) = postSolution
		{ABC9D5BC-3F29-4969-B41D-9D72CD1D6C12}.Debug|Any CPU.ActiveCfg = Debug|Any CPU
		{ABC9D5BC-3F29-4969-B41D-9D72CD1D6C12}.Debug|Any CPU.Build.0 = Debug|Any CPU
		{ABC9D5BC-3F29-4969-B41D-9D72CD1D6C12}.Release|Any CPU.ActiveCfg = Release|Any CPU
		{ABC9D5BC-3F29-4969-B41D-9D72CD1D6C12}.Release|Any CPU.Build.0 = Release|Any CPU
		{1454DEE5-AA98-4AC4-B0DA-CC1434864DC9}.Debug|Any CPU.ActiveCfg = Debug|Any CPU
		{1454DEE5-AA98-4AC4-B0DA-CC1434864DC9}.Debug|Any CPU.Build.0 = Debug|Any CPU
		{1454DEE5-AA98-4AC4-B0DA-CC1434864DC9}.Release|Any CPU.ActiveCfg = Release|Any CPU
		{1454DEE5-AA98-4AC4-B0DA-CC1434864DC9}.Release|Any CPU.Build.0 = Release|Any CPU
		{B09719AC-8455-477B-9D4C-81846AD3AE03}.Debug|Any CPU.ActiveCfg = Debug|Any CPU
		{B09719AC-8455-477B-9D4C-81846AD3AE03}.Debug|Any CPU.Build.0 = Debug|Any CPU
		{B09719AC-8455-477B-9D4C-81846AD3AE03}.Release|Any CPU.ActiveCfg = Release|Any CPU
		{B09719AC-8455-477B-9D4C-81846AD3AE03}.Release|Any CPU.Build.0 = Release|Any CPU
		{98E3AD37-F441-4889-8F66-B00220BF35CB}.Debug|Any CPU.ActiveCfg = Debug|Any CPU
		{98E3AD37-F441-4889-8F66-B00220BF35CB}.Debug|Any CPU.Build.0 = Debug|Any CPU
		{98E3AD37-F441-4889-8F66-B00220BF35CB}.Release|Any CPU.ActiveCfg = Release|Any CPU
		{98E3AD37-F441-4889-8F66-B00220BF35CB}.Release|Any CPU.Build.0 = Release|Any CPU
		{28B13E7B-073B-47FB-9571-07899241DC69}.Debug|Any CPU.ActiveCfg = Debug|Any CPU
		{28B13E7B-073B-47FB-9571-07899241DC69}.Debug|Any CPU.Build.0 = Debug|Any CPU
		{28B13E7B-073B-47FB-9571-07899241DC69}.Release|Any CPU.ActiveCfg = Release|Any CPU
		{28B13E7B-073B-47FB-9571-07899241DC69}.Release|Any CPU.Build.0 = Release|Any CPU
		{15FA2B5F-DBE7-4886-AB20-CFC3A0688DA2}.Debug|Any CPU.ActiveCfg = Debug|Any CPU
		{15FA2B5F-DBE7-4886-AB20-CFC3A0688DA2}.Debug|Any CPU.Build.0 = Debug|Any CPU
		{15FA2B5F-DBE7-4886-AB20-CFC3A0688DA2}.Release|Any CPU.ActiveCfg = Release|Any CPU
		{15FA2B5F-DBE7-4886-AB20-CFC3A0688DA2}.Release|Any CPU.Build.0 = Release|Any CPU
		{AF0F21C3-0893-4CC9-8B9C-509C6A83FFCD}.Debug|Any CPU.ActiveCfg = Debug|Any CPU
		{AF0F21C3-0893-4CC9-8B9C-509C6A83FFCD}.Debug|Any CPU.Build.0 = Debug|Any CPU
		{AF0F21C3-0893-4CC9-8B9C-509C6A83FFCD}.Release|Any CPU.ActiveCfg = Release|Any CPU
		{AF0F21C3-0893-4CC9-8B9C-509C6A83FFCD}.Release|Any CPU.Build.0 = Release|Any CPU
		{536A8666-B56D-4F9E-AD4D-5D263B7DB5FF}.Debug|Any CPU.ActiveCfg = Debug|Any CPU
		{536A8666-B56D-4F9E-AD4D-5D263B7DB5FF}.Debug|Any CPU.Build.0 = Debug|Any CPU
		{536A8666-B56D-4F9E-AD4D-5D263B7DB5FF}.Release|Any CPU.ActiveCfg = Release|Any CPU
		{536A8666-B56D-4F9E-AD4D-5D263B7DB5FF}.Release|Any CPU.Build.0 = Release|Any CPU
		{A0413C7D-6AA3-44F5-9C15-C82263E73882}.Debug|Any CPU.ActiveCfg = Debug|Any CPU
		{A0413C7D-6AA3-44F5-9C15-C82263E73882}.Debug|Any CPU.Build.0 = Debug|Any CPU
		{A0413C7D-6AA3-44F5-9C15-C82263E73882}.Release|Any CPU.ActiveCfg = Release|Any CPU
		{A0413C7D-6AA3-44F5-9C15-C82263E73882}.Release|Any CPU.Build.0 = Release|Any CPU
		{E1E89695-F660-4BA6-9D77-04DA91C265E0}.Debug|Any CPU.ActiveCfg = Debug|Any CPU
		{E1E89695-F660-4BA6-9D77-04DA91C265E0}.Debug|Any CPU.Build.0 = Debug|Any CPU
		{E1E89695-F660-4BA6-9D77-04DA91C265E0}.Release|Any CPU.ActiveCfg = Release|Any CPU
		{E1E89695-F660-4BA6-9D77-04DA91C265E0}.Release|Any CPU.Build.0 = Release|Any CPU
	EndGlobalSection
EndGlobal
